# This file is automatically @generated by Cargo.
# It is not intended for manual editing.
version = 4

[[package]]
name = "android-gpu-utils"
version = "0.1.0"

[[package]]
name = "array-add-cpu"
version = "0.1.0"
dependencies = [
 "android-gpu-utils",
]

[[package]]
name = "array-add-gpu"
version = "0.1.0"
dependencies = [
 "android-gpu-utils",
]

[[package]]
name = "array-add-gpu-v2"
version = "0.1.0"
dependencies = [
 "android-gpu-utils",
]

[[package]]
name = "mat-cpu"
version = "0.1.0"
dependencies = [
 "android-gpu-utils",
]

[[package]]
name = "mat-gpu"
version = "0.1.0"
dependencies = [
 "android-gpu-utils",
]
